// !$*UTF8*$!
{
	archiveVersion = 1;
	classes = {
	};
	objectVersion = 51;
	objects = {

/* Begin PBXBuildFile section */
		050F9855281D071A00295BEC /* SignUpView.swift in Sources */ = {isa = PBXBuildFile; fileRef = 050F9854281D071A00295BEC /* SignUpView.swift */; };
		050F9859281D145500295BEC /* ImagePicker.swift in Sources */ = {isa = PBXBuildFile; fileRef = 050F9858281D145500295BEC /* ImagePicker.swift */; };
		0563F4B1281D3E2400F0D74A /* GoogleService-Info.plist in Resources */ = {isa = PBXBuildFile; fileRef = 0563F4B0281D3E2400F0D74A /* GoogleService-Info.plist */; };
		056603FA281E3A900058523C /* UserModel.swift in Sources */ = {isa = PBXBuildFile; fileRef = 056603F9281E3A900058523C /* UserModel.swift */; };
		056603FE281E3B540058523C /* Extensions.swift in Sources */ = {isa = PBXBuildFile; fileRef = 056603FD281E3B540058523C /* Extensions.swift */; };
		05660402281E45230058523C /* AuthService.swift in Sources */ = {isa = PBXBuildFile; fileRef = 05660401281E45230058523C /* AuthService.swift */; };
		05660405281E455A0058523C /* StorageService.swift in Sources */ = {isa = PBXBuildFile; fileRef = 05660404281E455A0058523C /* StorageService.swift */; };
		05660408281E95E00058523C /* SessionStore.swift in Sources */ = {isa = PBXBuildFile; fileRef = 05660407281E95E00058523C /* SessionStore.swift */; };
		057D0B6C281F07940057C787 /* HomeView.swift in Sources */ = {isa = PBXBuildFile; fileRef = 057D0B6B281F07940057C787 /* HomeView.swift */; };
		05F1FA0A281B446100836816 /* theoneApp.swift in Sources */ = {isa = PBXBuildFile; fileRef = 05F1FA09281B446100836816 /* theoneApp.swift */; };
		05F1FA0C281B446100836816 /* ContentView.swift in Sources */ = {isa = PBXBuildFile; fileRef = 05F1FA0B281B446100836816 /* ContentView.swift */; };
		05F1FA0E281B446400836816 /* Assets.xcassets in Resources */ = {isa = PBXBuildFile; fileRef = 05F1FA0D281B446400836816 /* Assets.xcassets */; };
		05F1FA11281B446400836816 /* Preview Assets.xcassets in Resources */ = {isa = PBXBuildFile; fileRef = 05F1FA10281B446400836816 /* Preview Assets.xcassets */; };
		05F1FA1B281B479700836816 /* FormField.swift in Sources */ = {isa = PBXBuildFile; fileRef = 05F1FA1A281B479700836816 /* FormField.swift */; };
		05FBF02D281B8CCE000C641E /* SignInView.swift in Sources */ = {isa = PBXBuildFile; fileRef = 05FBF02C281B8CCE000C641E /* SignInView.swift */; };
		05FBF031281B9E2A000C641E /* ButtonModifiers.swift in Sources */ = {isa = PBXBuildFile; fileRef = 05FBF030281B9E2A000C641E /* ButtonModifiers.swift */; };
		E132DB816DD5779B1C0607B5 /* Pods_theone.framework in Frameworks */ = {isa = PBXBuildFile; fileRef = 6EFE22A7DC7C4B2DD42B1042 /* Pods_theone.framework */; };
/* End PBXBuildFile section */

/* Begin PBXFileReference section */
		050F9854281D071A00295BEC /* SignUpView.swift */ = {isa = PBXFileReference; lastKnownFileType = sourcecode.swift; path = SignUpView.swift; sourceTree = "<group>"; };
		050F9858281D145500295BEC /* ImagePicker.swift */ = {isa = PBXFileReference; lastKnownFileType = sourcecode.swift; path = ImagePicker.swift; sourceTree = "<group>"; };
		0563F4B0281D3E2400F0D74A /* GoogleService-Info.plist */ = {isa = PBXFileReference; fileEncoding = 4; lastKnownFileType = text.plist.xml; path = "GoogleService-Info.plist"; sourceTree = "<group>"; };
		056603F9281E3A900058523C /* UserModel.swift */ = {isa = PBXFileReference; lastKnownFileType = sourcecode.swift; path = UserModel.swift; sourceTree = "<group>"; };
		056603FD281E3B540058523C /* Extensions.swift */ = {isa = PBXFileReference; lastKnownFileType = sourcecode.swift; path = Extensions.swift; sourceTree = "<group>"; };
		05660401281E45230058523C /* AuthService.swift */ = {isa = PBXFileReference; lastKnownFileType = sourcecode.swift; path = AuthService.swift; sourceTree = "<group>"; };
		05660404281E455A0058523C /* StorageService.swift */ = {isa = PBXFileReference; lastKnownFileType = sourcecode.swift; path = StorageService.swift; sourceTree = "<group>"; };
		05660407281E95E00058523C /* SessionStore.swift */ = {isa = PBXFileReference; lastKnownFileType = sourcecode.swift; path = SessionStore.swift; sourceTree = "<group>"; };
		057D0B6B281F07940057C787 /* HomeView.swift */ = {isa = PBXFileReference; lastKnownFileType = sourcecode.swift; path = HomeView.swift; sourceTree = "<group>"; };
		05F1FA06281B446100836816 /* theone.app */ = {isa = PBXFileReference; explicitFileType = wrapper.application; includeInIndex = 0; path = theone.app; sourceTree = BUILT_PRODUCTS_DIR; };
		05F1FA09281B446100836816 /* theoneApp.swift */ = {isa = PBXFileReference; lastKnownFileType = sourcecode.swift; path = theoneApp.swift; sourceTree = "<group>"; };
		05F1FA0B281B446100836816 /* ContentView.swift */ = {isa = PBXFileReference; lastKnownFileType = sourcecode.swift; path = ContentView.swift; sourceTree = "<group>"; };
		05F1FA0D281B446400836816 /* Assets.xcassets */ = {isa = PBXFileReference; lastKnownFileType = folder.assetcatalog; path = Assets.xcassets; sourceTree = "<group>"; };
		05F1FA10281B446400836816 /* Preview Assets.xcassets */ = {isa = PBXFileReference; lastKnownFileType = folder.assetcatalog; path = "Preview Assets.xcassets"; sourceTree = "<group>"; };
		05F1FA12281B446400836816 /* Info.plist */ = {isa = PBXFileReference; lastKnownFileType = text.plist.xml; path = Info.plist; sourceTree = "<group>"; };
		05F1FA1A281B479700836816 /* FormField.swift */ = {isa = PBXFileReference; lastKnownFileType = sourcecode.swift; path = FormField.swift; sourceTree = "<group>"; };
		05FBF02C281B8CCE000C641E /* SignInView.swift */ = {isa = PBXFileReference; lastKnownFileType = sourcecode.swift; path = SignInView.swift; sourceTree = "<group>"; };
		05FBF030281B9E2A000C641E /* ButtonModifiers.swift */ = {isa = PBXFileReference; lastKnownFileType = sourcecode.swift; path = ButtonModifiers.swift; sourceTree = "<group>"; };
		5FCB0A10948C04DD5CB1D74F /* Pods-theone.release.xcconfig */ = {isa = PBXFileReference; includeInIndex = 1; lastKnownFileType = text.xcconfig; name = "Pods-theone.release.xcconfig"; path = "Target Support Files/Pods-theone/Pods-theone.release.xcconfig"; sourceTree = "<group>"; };
		6EFE22A7DC7C4B2DD42B1042 /* Pods_theone.framework */ = {isa = PBXFileReference; explicitFileType = wrapper.framework; includeInIndex = 0; path = Pods_theone.framework; sourceTree = BUILT_PRODUCTS_DIR; };
		FF4B8490F4046F3CE19E85C1 /* Pods-theone.debug.xcconfig */ = {isa = PBXFileReference; includeInIndex = 1; lastKnownFileType = text.xcconfig; name = "Pods-theone.debug.xcconfig"; path = "Target Support Files/Pods-theone/Pods-theone.debug.xcconfig"; sourceTree = "<group>"; };
/* End PBXFileReference section */

/* Begin PBXFrameworksBuildPhase section */
		05F1FA03281B446100836816 /* Frameworks */ = {
			isa = PBXFrameworksBuildPhase;
			buildActionMask = 2147483647;
			files = (
				E132DB816DD5779B1C0607B5 /* Pods_theone.framework in Frameworks */,
			);
			runOnlyForDeploymentPostprocessing = 0;
		};
/* End PBXFrameworksBuildPhase section */

/* Begin PBXGroup section */
		050F9857281D13D600295BEC /* Utilities */ = {
			isa = PBXGroup;
			children = (
				050F9858281D145500295BEC /* ImagePicker.swift */,
				056603FD281E3B540058523C /* Extensions.swift */,
			);
			path = Utilities;
			sourceTree = "<group>";
		};
		056603F8281E3A730058523C /* Models */ = {
			isa = PBXGroup;
			children = (
				056603F9281E3A900058523C /* UserModel.swift */,
			);
			path = Models;
			sourceTree = "<group>";
		};
		05660400281E43B00058523C /* Services */ = {
			isa = PBXGroup;
			children = (
				05660401281E45230058523C /* AuthService.swift */,
				05660404281E455A0058523C /* StorageService.swift */,
				05660407281E95E00058523C /* SessionStore.swift */,
			);
			path = Services;
			sourceTree = "<group>";
		};
		05F1F9FD281B446100836816 = {
			isa = PBXGroup;
			children = (
				05F1FA08281B446100836816 /* theone */,
				05F1FA07281B446100836816 /* Products */,
				AB54752DF683806EACDFA74B /* Pods */,
				421CD0E65C4603402E052EA3 /* Frameworks */,
			);
			sourceTree = "<group>";
		};
		05F1FA07281B446100836816 /* Products */ = {
			isa = PBXGroup;
			children = (
				05F1FA06281B446100836816 /* theone.app */,
			);
			name = Products;
			sourceTree = "<group>";
		};
		05F1FA08281B446100836816 /* theone */ = {
			isa = PBXGroup;
			children = (
				05660400281E43B00058523C /* Services */,
				056603F8281E3A730058523C /* Models */,
				0563F4B0281D3E2400F0D74A /* GoogleService-Info.plist */,
				050F9857281D13D600295BEC /* Utilities */,
				05FBF02B281B8C95000C641E /* Views */,
				05F1FA19281B474400836816 /* Component */,
				05F1FA09281B446100836816 /* theoneApp.swift */,
				05F1FA0B281B446100836816 /* ContentView.swift */,
				05F1FA0D281B446400836816 /* Assets.xcassets */,
				05F1FA12281B446400836816 /* Info.plist */,
				05F1FA0F281B446400836816 /* Preview Content */,
			);
			path = theone;
			sourceTree = "<group>";
		};
		05F1FA0F281B446400836816 /* Preview Content */ = {
			isa = PBXGroup;
			children = (
				05F1FA10281B446400836816 /* Preview Assets.xcassets */,
			);
			path = "Preview Content";
			sourceTree = "<group>";
		};
		05F1FA19281B474400836816 /* Component */ = {
			isa = PBXGroup;
			children = (
				05F1FA1A281B479700836816 /* FormField.swift */,
				05FBF030281B9E2A000C641E /* ButtonModifiers.swift */,
			);
			path = Component;
			sourceTree = "<group>";
		};
		05FBF02B281B8C95000C641E /* Views */ = {
			isa = PBXGroup;
			children = (
				05FBF02C281B8CCE000C641E /* SignInView.swift */,
				050F9854281D071A00295BEC /* SignUpView.swift */,
				057D0B6B281F07940057C787 /* HomeView.swift */,
			);
			path = Views;
			sourceTree = "<group>";
		};
		421CD0E65C4603402E052EA3 /* Frameworks */ = {
			isa = PBXGroup;
			children = (
				6EFE22A7DC7C4B2DD42B1042 /* Pods_theone.framework */,
			);
			name = Frameworks;
			sourceTree = "<group>";
		};
		AB54752DF683806EACDFA74B /* Pods */ = {
			isa = PBXGroup;
			children = (
				FF4B8490F4046F3CE19E85C1 /* Pods-theone.debug.xcconfig */,
				5FCB0A10948C04DD5CB1D74F /* Pods-theone.release.xcconfig */,
			);
			path = Pods;
			sourceTree = "<group>";
		};
/* End PBXGroup section */

/* Begin PBXNativeTarget section */
		05F1FA05281B446100836816 /* theone */ = {
			isa = PBXNativeTarget;
			buildConfigurationList = 05F1FA15281B446400836816 /* Build configuration list for PBXNativeTarget "theone" */;
			buildPhases = (
				0962A1308C9F163F4CE4549D /* [CP] Check Pods Manifest.lock */,
				05F1FA02281B446100836816 /* Sources */,
				05F1FA03281B446100836816 /* Frameworks */,
				05F1FA04281B446100836816 /* Resources */,
				F1EE50AABFE12CAFB654ED67 /* [CP] Embed Pods Frameworks */,
			);
			buildRules = (
			);
			dependencies = (
			);
			name = theone;
			productName = theone;
			productReference = 05F1FA06281B446100836816 /* theone.app */;
			productType = "com.apple.product-type.application";
		};
/* End PBXNativeTarget section */

/* Begin PBXProject section */
		05F1F9FE281B446100836816 /* Project object */ = {
			isa = PBXProject;
			attributes = {
				LastSwiftUpdateCheck = 1240;
				LastUpgradeCheck = 1240;
				TargetAttributes = {
					05F1FA05281B446100836816 = {
						CreatedOnToolsVersion = 12.4;
					};
				};
			};
			buildConfigurationList = 05F1FA01281B446100836816 /* Build configuration list for PBXProject "theone" */;
			compatibilityVersion = "Xcode 9.3";
			developmentRegion = en;
			hasScannedForEncodings = 0;
			knownRegions = (
				en,
				Base,
			);
			mainGroup = 05F1F9FD281B446100836816;
			productRefGroup = 05F1FA07281B446100836816 /* Products */;
			projectDirPath = "";
			projectRoot = "";
			targets = (
				05F1FA05281B446100836816 /* theone */,
			);
		};
/* End PBXProject section */

/* Begin PBXResourcesBuildPhase section */
		05F1FA04281B446100836816 /* Resources */ = {
			isa = PBXResourcesBuildPhase;
			buildActionMask = 2147483647;
			files = (
				05F1FA11281B446400836816 /* Preview Assets.xcassets in Resources */,
				05F1FA0E281B446400836816 /* Assets.xcassets in Resources */,
				0563F4B1281D3E2400F0D74A /* GoogleService-Info.plist in Resources */,
			);
			runOnlyForDeploymentPostprocessing = 0;
		};
/* End PBXResourcesBuildPhase section */

/* Begin PBXShellScriptBuildPhase section */
		0962A1308C9F163F4CE4549D /* [CP] Check Pods Manifest.lock */ = {
			isa = PBXShellScriptBuildPhase;
			buildActionMask = 2147483647;
			files = (
			);
			inputFileListPaths = (
			);
			inputPaths = (
				"${PODS_PODFILE_DIR_PATH}/Podfile.lock",
				"${PODS_ROOT}/Manifest.lock",
			);
			name = "[CP] Check Pods Manifest.lock";
			outputFileListPaths = (
			);
			outputPaths = (
				"$(DERIVED_FILE_DIR)/Pods-theone-checkManifestLockResult.txt",
			);
			runOnlyForDeploymentPostprocessing = 0;
			shellPath = /bin/sh;
			shellScript = "diff \"${PODS_PODFILE_DIR_PATH}/Podfile.lock\" \"${PODS_ROOT}/Manifest.lock\" > /dev/null\nif [ $? != 0 ] ; then\n    # print error to STDERR\n    echo \"error: The sandbox is not in sync with the Podfile.lock. Run 'pod install' or update your CocoaPods installation.\" >&2\n    exit 1\nfi\n# This output is used by Xcode 'outputs' to avoid re-running this script phase.\necho \"SUCCESS\" > \"${SCRIPT_OUTPUT_FILE_0}\"\n";
			showEnvVarsInLog = 0;
		};
		F1EE50AABFE12CAFB654ED67 /* [CP] Embed Pods Frameworks */ = {
			isa = PBXShellScriptBuildPhase;
			buildActionMask = 2147483647;
			files = (
			);
			inputFileListPaths = (
				"${PODS_ROOT}/Target Support Files/Pods-theone/Pods-theone-frameworks-${CONFIGURATION}-input-files.xcfilelist",
			);
			name = "[CP] Embed Pods Frameworks";
			outputFileListPaths = (
				"${PODS_ROOT}/Target Support Files/Pods-theone/Pods-theone-frameworks-${CONFIGURATION}-output-files.xcfilelist",
			);
			runOnlyForDeploymentPostprocessing = 0;
			shellPath = /bin/sh;
			shellScript = "\"${PODS_ROOT}/Target Support Files/Pods-theone/Pods-theone-frameworks.sh\"\n";
			showEnvVarsInLog = 0;
		};
/* End PBXShellScriptBuildPhase section */

/* Begin PBXSourcesBuildPhase section */
		05F1FA02281B446100836816 /* Sources */ = {
			isa = PBXSourcesBuildPhase;
			buildActionMask = 2147483647;
			files = (
				05F1FA1B281B479700836816 /* FormField.swift in Sources */,
				056603FE281E3B540058523C /* Extensions.swift in Sources */,
				057D0B6C281F07940057C787 /* HomeView.swift in Sources */,
				05660408281E95E00058523C /* SessionStore.swift in Sources */,
				05F1FA0C281B446100836816 /* ContentView.swift in Sources */,
				056603FA281E3A900058523C /* UserModel.swift in Sources */,
				05FBF031281B9E2A000C641E /* ButtonModifiers.swift in Sources */,
				050F9859281D145500295BEC /* ImagePicker.swift in Sources */,
				05FBF02D281B8CCE000C641E /* SignInView.swift in Sources */,
				05660402281E45230058523C /* AuthService.swift in Sources */,
				050F9855281D071A00295BEC /* SignUpView.swift in Sources */,
				05660405281E455A0058523C /* StorageService.swift in Sources */,
				05F1FA0A281B446100836816 /* theoneApp.swift in Sources */,
			);
			runOnlyForDeploymentPostprocessing = 0;
		};
/* End PBXSourcesBuildPhase section */

/* Begin XCBuildConfiguration section */
		05F1FA13281B446400836816 /* Debug */ = {
			isa = XCBuildConfiguration;
			buildSettings = {
				ALWAYS_SEARCH_USER_PATHS = NO;
				CLANG_ANALYZER_NONNULL = YES;
				CLANG_ANALYZER_NUMBER_OBJECT_CONVERSION = YES_AGGRESSIVE;
				CLANG_CXX_LANGUAGE_STANDARD = "gnu++14";
				CLANG_CXX_LIBRARY = "libc++";
				CLANG_ENABLE_MODULES = YES;
				CLANG_ENABLE_OBJC_ARC = YES;
				CLANG_ENABLE_OBJC_WEAK = YES;
				CLANG_WARN_BLOCK_CAPTURE_AUTORELEASING = YES;
				CLANG_WARN_BOOL_CONVERSION = YES;
				CLANG_WARN_COMMA = YES;
				CLANG_WARN_CONSTANT_CONVERSION = YES;
				CLANG_WARN_DEPRECATED_OBJC_IMPLEMENTATIONS = YES;
				CLANG_WARN_DIRECT_OBJC_ISA_USAGE = YES_ERROR;
				CLANG_WARN_DOCUMENTATION_COMMENTS = YES;
				CLANG_WARN_EMPTY_BODY = YES;
				CLANG_WARN_ENUM_CONVERSION = YES;
				CLANG_WARN_INFINITE_RECURSION = YES;
				CLANG_WARN_INT_CONVERSION = YES;
				CLANG_WARN_NON_LITERAL_NULL_CONVERSION = YES;
				CLANG_WARN_OBJC_IMPLICIT_RETAIN_SELF = YES;
				CLANG_WARN_OBJC_LITERAL_CONVERSION = YES;
				CLANG_WARN_OBJC_ROOT_CLASS = YES_ERROR;
				CLANG_WARN_QUOTED_INCLUDE_IN_FRAMEWORK_HEADER = YES;
				CLANG_WARN_RANGE_LOOP_ANALYSIS = YES;
				CLANG_WARN_STRICT_PROTOTYPES = YES;
				CLANG_WARN_SUSPICIOUS_MOVE = YES;
				CLANG_WARN_UNGUARDED_AVAILABILITY = YES_AGGRESSIVE;
				CLANG_WARN_UNREACHABLE_CODE = YES;
				CLANG_WARN__DUPLICATE_METHOD_MATCH = YES;
				COPY_PHASE_STRIP = NO;
				DEBUG_INFORMATION_FORMAT = dwarf;
				ENABLE_STRICT_OBJC_MSGSEND = YES;
				ENABLE_TESTABILITY = YES;
				GCC_C_LANGUAGE_STANDARD = gnu11;
				GCC_DYNAMIC_NO_PIC = NO;
				GCC_NO_COMMON_BLOCKS = YES;
				GCC_OPTIMIZATION_LEVEL = 0;
				GCC_PREPROCESSOR_DEFINITIONS = (
					"DEBUG=1",
					"$(inherited)",
				);
				GCC_WARN_64_TO_32_BIT_CONVERSION = YES;
				GCC_WARN_ABOUT_RETURN_TYPE = YES_ERROR;
				GCC_WARN_UNDECLARED_SELECTOR = YES;
				GCC_WARN_UNINITIALIZED_AUTOS = YES_AGGRESSIVE;
				GCC_WARN_UNUSED_FUNCTION = YES;
				GCC_WARN_UNUSED_VARIABLE = YES;
				IPHONEOS_DEPLOYMENT_TARGET = 14.4;
				MTL_ENABLE_DEBUG_INFO = INCLUDE_SOURCE;
				MTL_FAST_MATH = YES;
				ONLY_ACTIVE_ARCH = YES;
				SDKROOT = iphoneos;
				SWIFT_ACTIVE_COMPILATION_CONDITIONS = DEBUG;
				SWIFT_OPTIMIZATION_LEVEL = "-Onone";
			};
			name = Debug;
		};
		05F1FA14281B446400836816 /* Release */ = {
			isa = XCBuildConfiguration;
			buildSettings = {
				ALWAYS_SEARCH_USER_PATHS = NO;
				CLANG_ANALYZER_NONNULL = YES;
				CLANG_ANALYZER_NUMBER_OBJECT_CONVERSION = YES_AGGRESSIVE;
				CLANG_CXX_LANGUAGE_STANDARD = "gnu++14";
				CLANG_CXX_LIBRARY = "libc++";
				CLANG_ENABLE_MODULES = YES;
				CLANG_ENABLE_OBJC_ARC = YES;
				CLANG_ENABLE_OBJC_WEAK = YES;
				CLANG_WARN_BLOCK_CAPTURE_AUTORELEASING = YES;
				CLANG_WARN_BOOL_CONVERSION = YES;
				CLANG_WARN_COMMA = YES;
				CLANG_WARN_CONSTANT_CONVERSION = YES;
				CLANG_WARN_DEPRECATED_OBJC_IMPLEMENTATIONS = YES;
				CLANG_WARN_DIRECT_OBJC_ISA_USAGE = YES_ERROR;
				CLANG_WARN_DOCUMENTATION_COMMENTS = YES;
				CLANG_WARN_EMPTY_BODY = YES;
				CLANG_WARN_ENUM_CONVERSION = YES;
				CLANG_WARN_INFINITE_RECURSION = YES;
				CLANG_WARN_INT_CONVERSION = YES;
				CLANG_WARN_NON_LITERAL_NULL_CONVERSION = YES;
				CLANG_WARN_OBJC_IMPLICIT_RETAIN_SELF = YES;
				CLANG_WARN_OBJC_LITERAL_CONVERSION = YES;
				CLANG_WARN_OBJC_ROOT_CLASS = YES_ERROR;
				CLANG_WARN_QUOTED_INCLUDE_IN_FRAMEWORK_HEADER = YES;
				CLANG_WARN_RANGE_LOOP_ANALYSIS = YES;
				CLANG_WARN_STRICT_PROTOTYPES = YES;
				CLANG_WARN_SUSPICIOUS_MOVE = YES;
				CLANG_WARN_UNGUARDED_AVAILABILITY = YES_AGGRESSIVE;
				CLANG_WARN_UNREACHABLE_CODE = YES;
				CLANG_WARN__DUPLICATE_METHOD_MATCH = YES;
				COPY_PHASE_STRIP = NO;
				DEBUG_INFORMATION_FORMAT = "dwarf-with-dsym";
				ENABLE_NS_ASSERTIONS = NO;
				ENABLE_STRICT_OBJC_MSGSEND = YES;
				GCC_C_LANGUAGE_STANDARD = gnu11;
				GCC_NO_COMMON_BLOCKS = YES;
				GCC_WARN_64_TO_32_BIT_CONVERSION = YES;
				GCC_WARN_ABOUT_RETURN_TYPE = YES_ERROR;
				GCC_WARN_UNDECLARED_SELECTOR = YES;
				GCC_WARN_UNINITIALIZED_AUTOS = YES_AGGRESSIVE;
				GCC_WARN_UNUSED_FUNCTION = YES;
				GCC_WARN_UNUSED_VARIABLE = YES;
				IPHONEOS_DEPLOYMENT_TARGET = 14.4;
				MTL_ENABLE_DEBUG_INFO = NO;
				MTL_FAST_MATH = YES;
				SDKROOT = iphoneos;
				SWIFT_COMPILATION_MODE = wholemodule;
				SWIFT_OPTIMIZATION_LEVEL = "-O";
				VALIDATE_PRODUCT = YES;
			};
			name = Release;
		};
		05F1FA16281B446400836816 /* Debug */ = {
			isa = XCBuildConfiguration;
			baseConfigurationReference = FF4B8490F4046F3CE19E85C1 /* Pods-theone.debug.xcconfig */;
			buildSettings = {
				ASSETCATALOG_COMPILER_APPICON_NAME = AppIcon;
				ASSETCATALOG_COMPILER_GLOBAL_ACCENT_COLOR_NAME = AccentColor;
				CODE_SIGN_STYLE = Automatic;
				DEVELOPMENT_ASSET_PATHS = "\"theone/Preview Content\"";
				ENABLE_PREVIEWS = YES;
				INFOPLIST_FILE = theone/Info.plist;
				IPHONEOS_DEPLOYMENT_TARGET = 14.0;
				LD_RUNPATH_SEARCH_PATHS = (
					"$(inherited)",
					"@executable_path/Frameworks",
				);
				PRODUCT_BUNDLE_IDENTIFIER = com.theone;
				PRODUCT_NAME = "$(TARGET_NAME)";
				SWIFT_VERSION = 5.0;
				TARGETED_DEVICE_FAMILY = "1,2";
			};
			name = Debug;
		};
		05F1FA17281B446400836816 /* Release */ = {
			isa = XCBuildConfiguration;
			baseConfigurationReference = 5FCB0A10948C04DD5CB1D74F /* Pods-theone.release.xcconfig */;
			buildSettings = {
				ASSETCATALOG_COMPILER_APPICON_NAME = AppIcon;
				ASSETCATALOG_COMPILER_GLOBAL_ACCENT_COLOR_NAME = AccentColor;
				CODE_SIGN_STYLE = Automatic;
				DEVELOPMENT_ASSET_PATHS = "\"theone/Preview Content\"";
				ENABLE_PREVIEWS = YES;
				INFOPLIST_FILE = theone/Info.plist;
				IPHONEOS_DEPLOYMENT_TARGET = 14.0;
				LD_RUNPATH_SEARCH_PATHS = (
					"$(inherited)",
					"@executable_path/Frameworks",
				);
				PRODUCT_BUNDLE_IDENTIFIER = com.theone;
				PRODUCT_NAME = "$(TARGET_NAME)";
				SWIFT_VERSION = 5.0;
				TARGETED_DEVICE_FAMILY = "1,2";
			};
			name = Release;
		};
/* End XCBuildConfiguration section */

/* Begin XCConfigurationList section */
		05F1FA01281B446100836816 /* Build configuration list for PBXProject "theone" */ = {
			isa = XCConfigurationList;
			buildConfigurations = (
				05F1FA13281B446400836816 /* Debug */,
				05F1FA14281B446400836816 /* Release */,
			);
			defaultConfigurationIsVisible = 0;
			defaultConfigurationName = Release;
		};
		05F1FA15281B446400836816 /* Build configuration list for PBXNativeTarget "theone" */ = {
			isa = XCConfigurationList;
			buildConfigurations = (
				05F1FA16281B446400836816 /* Debug */,
				05F1FA17281B446400836816 /* Release */,
			);
			defaultConfigurationIsVisible = 0;
			defaultConfigurationName = Release;
		};
/* End XCConfigurationList section */
	};
	rootObject = 05F1F9FE281B446100836816 /* Project object */;
}
